// !$*UTF8*$!
{
	archiveVersion = 1;
	classes = {
	};
	objectVersion = 50;
	objects = {

/* Begin PBXBuildFile section */
		D889CD92247AD90600BD312E /* AppDelegate.swift in Sources */ = {isa = PBXBuildFile; fileRef = D889CD91247AD90600BD312E /* AppDelegate.swift */; };
		D889CD94247AD90600BD312E /* SceneDelegate.swift in Sources */ = {isa = PBXBuildFile; fileRef = D889CD93247AD90600BD312E /* SceneDelegate.swift */; };
		D889CD96247AD90600BD312E /* SetupViewController.swift in Sources */ = {isa = PBXBuildFile; fileRef = D889CD95247AD90600BD312E /* SetupViewController.swift */; };
		D889CD99247AD90600BD312E /* Main.storyboard in Resources */ = {isa = PBXBuildFile; fileRef = D889CD97247AD90600BD312E /* Main.storyboard */; };
		D889CD9B247AD90D00BD312E /* Assets.xcassets in Resources */ = {isa = PBXBuildFile; fileRef = D889CD9A247AD90D00BD312E /* Assets.xcassets */; };
		D889CD9E247AD90D00BD312E /* LaunchScreen.storyboard in Resources */ = {isa = PBXBuildFile; fileRef = D889CD9C247AD90D00BD312E /* LaunchScreen.storyboard */; };
		D8B2E30D248C3E3300E3B60C /* MainViewController.swift in Sources */ = {isa = PBXBuildFile; fileRef = D8B2E30C248C3E3300E3B60C /* MainViewController.swift */; };
/* End PBXBuildFile section */

/* Begin PBXFileReference section */
		D889CD8E247AD90600BD312E /* HW_2.2_App.app */ = {isa = PBXFileReference; explicitFileType = wrapper.application; includeInIndex = 0; path = HW_2.2_App.app; sourceTree = BUILT_PRODUCTS_DIR; };
		D889CD91247AD90600BD312E /* AppDelegate.swift */ = {isa = PBXFileReference; lastKnownFileType = sourcecode.swift; path = AppDelegate.swift; sourceTree = "<group>"; };
		D889CD93247AD90600BD312E /* SceneDelegate.swift */ = {isa = PBXFileReference; lastKnownFileType = sourcecode.swift; path = SceneDelegate.swift; sourceTree = "<group>"; };
		D889CD95247AD90600BD312E /* SetupViewController.swift */ = {isa = PBXFileReference; lastKnownFileType = sourcecode.swift; path = SetupViewController.swift; sourceTree = "<group>"; };
		D889CD98247AD90600BD312E /* Base */ = {isa = PBXFileReference; lastKnownFileType = file.storyboard; name = Base; path = Base.lproj/Main.storyboard; sourceTree = "<group>"; };
		D889CD9A247AD90D00BD312E /* Assets.xcassets */ = {isa = PBXFileReference; lastKnownFileType = folder.assetcatalog; path = Assets.xcassets; sourceTree = "<group>"; };
		D889CD9D247AD90D00BD312E /* Base */ = {isa = PBXFileReference; lastKnownFileType = file.storyboard; name = Base; path = Base.lproj/LaunchScreen.storyboard; sourceTree = "<group>"; };
		D889CD9F247AD90D00BD312E /* Info.plist */ = {isa = PBXFileReference; lastKnownFileType = text.plist.xml; path = Info.plist; sourceTree = "<group>"; };
		D8B2E30C248C3E3300E3B60C /* MainViewController.swift */ = {isa = PBXFileReference; lastKnownFileType = sourcecode.swift; path = MainViewController.swift; sourceTree = "<group>"; };
/* End PBXFileReference section */

/* Begin PBXFrameworksBuildPhase section */
		D889CD8B247AD90600BD312E /* Frameworks */ = {
			isa = PBXFrameworksBuildPhase;
			buildActionMask = 2147483647;
			files = (
			);
			runOnlyForDeploymentPostprocessing = 0;
		};
/* End PBXFrameworksBuildPhase section */

/* Begin PBXGroup section */
		D889CD85247AD90600BD312E = {
			isa = PBXGroup;
			children = (
				D889CD90247AD90600BD312E /* HW_2.2_App */,
				D889CD8F247AD90600BD312E /* Products */,
			);
			sourceTree = "<group>";
		};
		D889CD8F247AD90600BD312E /* Products */ = {
			isa = PBXGroup;
			children = (
				D889CD8E247AD90600BD312E /* HW_2.2_App.app */,
			);
			name = Products;
			sourceTree = "<group>";
		};
		D889CD90247AD90600BD312E /* HW_2.2_App */ = {
			isa = PBXGroup;
			children = (
				D8B2E30B248C3DE700E3B60C /* SupportingFiles */,
				D8B2E30A248C3D8A00E3B60C /* ViewControllers */,
				D8B2E309248C3D6C00E3B60C /* Storyboards */,
				D8B2E308248C3D5D00E3B60C /* Sources */,
			);
			path = HW_2.2_App;
			sourceTree = "<group>";
		};
		D8B2E308248C3D5D00E3B60C /* Sources */ = {
			isa = PBXGroup;
			children = (
				D889CD9A247AD90D00BD312E /* Assets.xcassets */,
			);
			path = Sources;
			sourceTree = "<group>";
		};
		D8B2E309248C3D6C00E3B60C /* Storyboards */ = {
			isa = PBXGroup;
			children = (
				D889CD97247AD90600BD312E /* Main.storyboard */,
				D889CD9C247AD90D00BD312E /* LaunchScreen.storyboard */,
			);
			path = Storyboards;
			sourceTree = "<group>";
		};
		D8B2E30A248C3D8A00E3B60C /* ViewControllers */ = {
			isa = PBXGroup;
			children = (
				D889CD95247AD90600BD312E /* SetupViewController.swift */,
				D8B2E30C248C3E3300E3B60C /* MainViewController.swift */,
			);
			path = ViewControllers;
			sourceTree = "<group>";
		};
		D8B2E30B248C3DE700E3B60C /* SupportingFiles */ = {
			isa = PBXGroup;
			children = (
				D889CD91247AD90600BD312E /* AppDelegate.swift */,
				D889CD93247AD90600BD312E /* SceneDelegate.swift */,
				D889CD9F247AD90D00BD312E /* Info.plist */,
			);
			path = SupportingFiles;
			sourceTree = "<group>";
		};
/* End PBXGroup section */

/* Begin PBXNativeTarget section */
		D889CD8D247AD90600BD312E /* HW_2.2_App */ = {
			isa = PBXNativeTarget;
			buildConfigurationList = D889CDA2247AD90D00BD312E /* Build configuration list for PBXNativeTarget "HW_2.2_App" */;
			buildPhases = (
				D889CD8A247AD90600BD312E /* Sources */,
				D889CD8B247AD90600BD312E /* Frameworks */,
				D889CD8C247AD90600BD312E /* Resources */,
			);
			buildRules = (
			);
			dependencies = (
			);
			name = HW_2.2_App;
			productName = HW_2.2_App;
			productReference = D889CD8E247AD90600BD312E /* HW_2.2_App.app */;
			productType = "com.apple.product-type.application";
		};
/* End PBXNativeTarget section */

/* Begin PBXProject section */
		D889CD86247AD90600BD312E /* Project object */ = {
			isa = PBXProject;
			attributes = {
				LastSwiftUpdateCheck = 1150;
				LastUpgradeCheck = 1150;
				ORGANIZATIONNAME = "Independent Developer";
				TargetAttributes = {
					D889CD8D247AD90600BD312E = {
						CreatedOnToolsVersion = 11.5;
					};
				};
			};
			buildConfigurationList = D889CD89247AD90600BD312E /* Build configuration list for PBXProject "HW_2.2_App" */;
			compatibilityVersion = "Xcode 9.3";
			developmentRegion = en;
			hasScannedForEncodings = 0;
			knownRegions = (
				en,
				Base,
			);
			mainGroup = D889CD85247AD90600BD312E;
			productRefGroup = D889CD8F247AD90600BD312E /* Products */;
			projectDirPath = "";
			projectRoot = "";
			targets = (
				D889CD8D247AD90600BD312E /* HW_2.2_App */,
			);
		};
/* End PBXProject section */

/* Begin PBXResourcesBuildPhase section */
		D889CD8C247AD90600BD312E /* Resources */ = {
			isa = PBXResourcesBuildPhase;
			buildActionMask = 2147483647;
			files = (
				D889CD9E247AD90D00BD312E /* LaunchScreen.storyboard in Resources */,
				D889CD9B247AD90D00BD312E /* Assets.xcassets in Resources */,
				D889CD99247AD90600BD312E /* Main.storyboard in Resources */,
			);
			runOnlyForDeploymentPostprocessing = 0;
		};
/* End PBXResourcesBuildPhase section */

/* Begin PBXSourcesBuildPhase section */
		D889CD8A247AD90600BD312E /* Sources */ = {
			isa = PBXSourcesBuildPhase;
			buildActionMask = 2147483647;
			files = (
				D889CD96247AD90600BD312E /* SetupViewController.swift in Sources */,
				D889CD92247AD90600BD312E /* AppDelegate.swift in Sources */,
				D889CD94247AD90600BD312E /* SceneDelegate.swift in Sources */,
				D8B2E30D248C3E3300E3B60C /* MainViewController.swift in Sources */,
			);
			runOnlyForDeploymentPostprocessing = 0;
		};
/* End PBXSourcesBuildPhase section */

/* Begin PBXVariantGroup section */
		D889CD97247AD90600BD312E /* Main.storyboard */ = {
			isa = PBXVariantGroup;
			children = (
				D889CD98247AD90600BD312E /* Base */,
			);
			name = Main.storyboard;
			sourceTree = "<group>";
		};
		D889CD9C247AD90D00BD312E /* LaunchScreen.storyboard */ = {
			isa = PBXVariantGroup;
			children = (
				D889CD9D247AD90D00BD312E /* Base */,
			);
			name = LaunchScreen.storyboard;
			sourceTree = "<group>";
		};
/* End PBXVariantGroup section */

/* Begin XCBuildConfiguration section */
		D889CDA0247AD90D00BD312E /* Debug */ = {
			isa = XCBuildConfiguration;
			buildSettings = {
				ALWAYS_SEARCH_USER_PATHS = NO;
				CLANG_ANALYZER_NONNULL = YES;
				CLANG_ANALYZER_NUMBER_OBJECT_CONVERSION = YES_AGGRESSIVE;
				CLANG_CXX_LANGUAGE_STANDARD = "gnu++14";
				CLANG_CXX_LIBRARY = "libc++";
				CLANG_ENABLE_MODULES = YES;
				CLANG_ENABLE_OBJC_ARC = YES;
				CLANG_ENABLE_OBJC_WEAK = YES;
				CLANG_WARN_BLOCK_CAPTURE_AUTORELEASING = YES;
				CLANG_WARN_BOOL_CONVERSION = YES;
				CLANG_WARN_COMMA = YES;
				CLANG_WARN_CONSTANT_CONVERSION = YES;
				CLANG_WARN_DEPRECATED_OBJC_IMPLEMENTATIONS = YES;
				CLANG_WARN_DIRECT_OBJC_ISA_USAGE = YES_ERROR;
				CLANG_WARN_DOCUMENTATION_COMMENTS = YES;
				CLANG_WARN_EMPTY_BODY = YES;
				CLANG_WARN_ENUM_CONVERSION = YES;
				CLANG_WARN_INFINITE_RECURSION = YES;
				CLANG_WARN_INT_CONVERSION = YES;
				CLANG_WARN_NON_LITERAL_NULL_CONVERSION = YES;
				CLANG_WARN_OBJC_IMPLICIT_RETAIN_SELF = YES;
				CLANG_WARN_OBJC_LITERAL_CONVERSION = YES;
				CLANG_WARN_OBJC_ROOT_CLASS = YES_ERROR;
				CLANG_WARN_RANGE_LOOP_ANALYSIS = YES;
				CLANG_WARN_STRICT_PROTOTYPES = YES;
				CLANG_WARN_SUSPICIOUS_MOVE = YES;
				CLANG_WARN_UNGUARDED_AVAILABILITY = YES_AGGRESSIVE;
				CLANG_WARN_UNREACHABLE_CODE = YES;
				CLANG_WARN__DUPLICATE_METHOD_MATCH = YES;
				COPY_PHASE_STRIP = NO;
				DEBUG_INFORMATION_FORMAT = dwarf;
				ENABLE_STRICT_OBJC_MSGSEND = YES;
				ENABLE_TESTABILITY = YES;
				GCC_C_LANGUAGE_STANDARD = gnu11;
				GCC_DYNAMIC_NO_PIC = NO;
				GCC_NO_COMMON_BLOCKS = YES;
				GCC_OPTIMIZATION_LEVEL = 0;
				GCC_PREPROCESSOR_DEFINITIONS = (
					"DEBUG=1",
					"$(inherited)",
				);
				GCC_WARN_64_TO_32_BIT_CONVERSION = YES;
				GCC_WARN_ABOUT_RETURN_TYPE = YES_ERROR;
				GCC_WARN_UNDECLARED_SELECTOR = YES;
				GCC_WARN_UNINITIALIZED_AUTOS = YES_AGGRESSIVE;
				GCC_WARN_UNUSED_FUNCTION = YES;
				GCC_WARN_UNUSED_VARIABLE = YES;
				IPHONEOS_DEPLOYMENT_TARGET = 13.5;
				MTL_ENABLE_DEBUG_INFO = INCLUDE_SOURCE;
				MTL_FAST_MATH = YES;
				ONLY_ACTIVE_ARCH = YES;
				SDKROOT = iphoneos;
				SWIFT_ACTIVE_COMPILATION_CONDITIONS = DEBUG;
				SWIFT_OPTIMIZATION_LEVEL = "-Onone";
			};
			name = Debug;
		};
		D889CDA1247AD90D00BD312E /* Release */ = {
			isa = XCBuildConfiguration;
			buildSettings = {
				ALWAYS_SEARCH_USER_PATHS = NO;
				CLANG_ANALYZER_NONNULL = YES;
				CLANG_ANALYZER_NUMBER_OBJECT_CONVERSION = YES_AGGRESSIVE;
				CLANG_CXX_LANGUAGE_STANDARD = "gnu++14";
				CLANG_CXX_LIBRARY = "libc++";
				CLANG_ENABLE_MODULES = YES;
				CLANG_ENABLE_OBJC_ARC = YES;
				CLANG_ENABLE_OBJC_WEAK = YES;
				CLANG_WARN_BLOCK_CAPTURE_AUTORELEASING = YES;
				CLANG_WARN_BOOL_CONVERSION = YES;
				CLANG_WARN_COMMA = YES;
				CLANG_WARN_CONSTANT_CONVERSION = YES;
				CLANG_WARN_DEPRECATED_OBJC_IMPLEMENTATIONS = YES;
				CLANG_WARN_DIRECT_OBJC_ISA_USAGE = YES_ERROR;
				CLANG_WARN_DOCUMENTATION_COMMENTS = YES;
				CLANG_WARN_EMPTY_BODY = YES;
				CLANG_WARN_ENUM_CONVERSION = YES;
				CLANG_WARN_INFINITE_RECURSION = YES;
				CLANG_WARN_INT_CONVERSION = YES;
				CLANG_WARN_NON_LITERAL_NULL_CONVERSION = YES;
				CLANG_WARN_OBJC_IMPLICIT_RETAIN_SELF = YES;
				CLANG_WARN_OBJC_LITERAL_CONVERSION = YES;
				CLANG_WARN_OBJC_ROOT_CLASS = YES_ERROR;
				CLANG_WARN_RANGE_LOOP_ANALYSIS = YES;
				CLANG_WARN_STRICT_PROTOTYPES = YES;
				CLANG_WARN_SUSPICIOUS_MOVE = YES;
				CLANG_WARN_UNGUARDED_AVAILABILITY = YES_AGGRESSIVE;
				CLANG_WARN_UNREACHABLE_CODE = YES;
				CLANG_WARN__DUPLICATE_METHOD_MATCH = YES;
				COPY_PHASE_STRIP = NO;
				DEBUG_INFORMATION_FORMAT = "dwarf-with-dsym";
				ENABLE_NS_ASSERTIONS = NO;
				ENABLE_STRICT_OBJC_MSGSEND = YES;
				GCC_C_LANGUAGE_STANDARD = gnu11;
				GCC_NO_COMMON_BLOCKS = YES;
				GCC_WARN_64_TO_32_BIT_CONVERSION = YES;
				GCC_WARN_ABOUT_RETURN_TYPE = YES_ERROR;
				GCC_WARN_UNDECLARED_SELECTOR = YES;
				GCC_WARN_UNINITIALIZED_AUTOS = YES_AGGRESSIVE;
				GCC_WARN_UNUSED_FUNCTION = YES;
				GCC_WARN_UNUSED_VARIABLE = YES;
				IPHONEOS_DEPLOYMENT_TARGET = 13.5;
				MTL_ENABLE_DEBUG_INFO = NO;
				MTL_FAST_MATH = YES;
				SDKROOT = iphoneos;
				SWIFT_COMPILATION_MODE = wholemodule;
				SWIFT_OPTIMIZATION_LEVEL = "-O";
				VALIDATE_PRODUCT = YES;
			};
			name = Release;
		};
		D889CDA3247AD90D00BD312E /* Debug */ = {
			isa = XCBuildConfiguration;
			buildSettings = {
				ASSETCATALOG_COMPILER_APPICON_NAME = AppIcon;
				CODE_SIGN_STYLE = Automatic;
				DEVELOPMENT_TEAM = XA7A4E4NVT;
				INFOPLIST_FILE = HW_2.2_App/SupportingFiles/Info.plist;
				IPHONEOS_DEPLOYMENT_TARGET = 13.5;
				LD_RUNPATH_SEARCH_PATHS = (
					"$(inherited)",
					"@executable_path/Frameworks",
				);
				PRODUCT_BUNDLE_IDENTIFIER = "ru.IndependentDeveloper.HW-2-2-App";
				PRODUCT_NAME = "$(TARGET_NAME)";
				SWIFT_VERSION = 5.0;
				TARGETED_DEVICE_FAMILY = 1;
			};
			name = Debug;
		};
		D889CDA4247AD90D00BD312E /* Release */ = {
			isa = XCBuildConfiguration;
			buildSettings = {
				ASSETCATALOG_COMPILER_APPICON_NAME = AppIcon;
				CODE_SIGN_STYLE = Automatic;
				DEVELOPMENT_TEAM = XA7A4E4NVT;
				INFOPLIST_FILE = HW_2.2_App/SupportingFiles/Info.plist;
				IPHONEOS_DEPLOYMENT_TARGET = 13.5;
				LD_RUNPATH_SEARCH_PATHS = (
					"$(inherited)",
					"@executable_path/Frameworks",
				);
				PRODUCT_BUNDLE_IDENTIFIER = "ru.IndependentDeveloper.HW-2-2-App";
				PRODUCT_NAME = "$(TARGET_NAME)";
				SWIFT_VERSION = 5.0;
				TARGETED_DEVICE_FAMILY = 1;
			};
			name = Release;
		};
/* End XCBuildConfiguration section */

/* Begin XCConfigurationList section */
		D889CD89247AD90600BD312E /* Build configuration list for PBXProject "HW_2.2_App" */ = {
			isa = XCConfigurationList;
			buildConfigurations = (
				D889CDA0247AD90D00BD312E /* Debug */,
				D889CDA1247AD90D00BD312E /* Release */,
			);
			defaultConfigurationIsVisible = 0;
			defaultConfigurationName = Release;
		};
		D889CDA2247AD90D00BD312E /* Build configuration list for PBXNativeTarget "HW_2.2_App" */ = {
			isa = XCConfigurationList;
			buildConfigurations = (
				D889CDA3247AD90D00BD312E /* Debug */,
				D889CDA4247AD90D00BD312E /* Release */,
			);
			defaultConfigurationIsVisible = 0;
			defaultConfigurationName = Release;
		};
/* End XCConfigurationList section */
	};
	rootObject = D889CD86247AD90600BD312E /* Project object */;
}
